
Microsoft Visual Studio Solution File, Format Version 12.00
# Visual Studio 15
VisualStudioVersion = 15.0.27703.2026
MinimumVisualStudioVersion = 10.0.40219.1
Project("{FAE04EC0-301F-11D3-BF4B-00C04F79EFBC}") = "CitectApiClient", "CitectClient\CitectClient.csproj", "{58BDBB46-8A22-45AF-8D18-3D091FE5667C}"
EndProject
Project("{FAE04EC0-301F-11D3-BF4B-00C04F79EFBC}") = "CitectApiClientTest", "CitectClientTest\CitectClientTest.csproj", "{787208F5-121E-40ED-8CD1-85D8D835957C}"
EndProject
Global
	GlobalSection(SolutionConfigurationPlatforms) = preSolution
		Debug|Any CPU = Debug|Any CPU
		Debug|Mixed Platforms = Debug|Mixed Platforms
		Debug|x86 = Debug|x86
		Release|Any CPU = Release|Any CPU
		Release|Mixed Platforms = Release|Mixed Platforms
		Release|x86 = Release|x86
	EndGlobalSection
	GlobalSection(ProjectConfigurationPlatforms) = postSolution
		{58BDBB46-8A22-45AF-8D18-3D091FE5667C}.Debug|Any CPU.ActiveCfg = Debug|x86
		{58BDBB46-8A22-45AF-8D18-3D091FE5667C}.Debug|Mixed Platforms.ActiveCfg = Debug|x86
		{58BDBB46-8A22-45AF-8D18-3D091FE5667C}.Debug|Mixed Platforms.Build.0 = Debug|x86
		{58BDBB46-8A22-45AF-8D18-3D091FE5667C}.Debug|x86.ActiveCfg = Debug|x86
		{58BDBB46-8A22-45AF-8D18-3D091FE5667C}.Debug|x86.Build.0 = Debug|x86
		{58BDBB46-8A22-45AF-8D18-3D091FE5667C}.Release|Any CPU.ActiveCfg = Release|x86
		{58BDBB46-8A22-45AF-8D18-3D091FE5667C}.Release|Mixed Platforms.ActiveCfg = Release|x86
		{58BDBB46-8A22-45AF-8D18-3D091FE5667C}.Release|Mixed Platforms.Build.0 = Release|x86
		{58BDBB46-8A22-45AF-8D18-3D091FE5667C}.Release|x86.ActiveCfg = Release|x86
		{58BDBB46-8A22-45AF-8D18-3D091FE5667C}.Release|x86.Build.0 = Release|x86
		{787208F5-121E-40ED-8CD1-85D8D835957C}.Debug|Any CPU.ActiveCfg = Debug|Any CPU
		{787208F5-121E-40ED-8CD1-85D8D835957C}.Debug|Any CPU.Build.0 = Debug|Any CPU
		{787208F5-121E-40ED-8CD1-85D8D835957C}.Debug|Mixed Platforms.ActiveCfg = Debug|Any CPU
		{787208F5-121E-40ED-8CD1-85D8D835957C}.Debug|Mixed Platforms.Build.0 = Debug|Any CPU
		{787208F5-121E-40ED-8CD1-85D8D835957C}.Debug|x86.ActiveCfg = Debug|Any CPU
		{787208F5-121E-40ED-8CD1-85D8D835957C}.Release|Any CPU.ActiveCfg = Release|Any CPU
		{787208F5-121E-40ED-8CD1-85D8D835957C}.Release|Any CPU.Build.0 = Release|Any CPU
		{787208F5-121E-40ED-8CD1-85D8D835957C}.Release|Mixed Platforms.ActiveCfg = Release|Any CPU
		{787208F5-121E-40ED-8CD1-85D8D835957C}.Release|Mixed Platforms.Build.0 = Release|Any CPU
		{787208F5-121E-40ED-8CD1-85D8D835957C}.Release|x86.ActiveCfg = Release|Any CPU
	EndGlobalSection
	GlobalSection(SolutionProperties) = preSolution
		HideSolutionNode = FALSE
	EndGlobalSection
	GlobalSection(ExtensibilityGlobals) = postSolution
		SolutionGuid = {203EAC2D-41ED-4A4A-9F20-547096C6A81C}
	EndGlobalSection
EndGlobal
